
Microsoft Visual Studio Solution File, Format Version 12.00
# Visual Studio Version 17
VisualStudioVersion = 17.0.31903.59
MinimumVisualStudioVersion = 10.0.40219.1
Project("{FAE04EC0-301F-11D3-BF4B-00C04F79EFBC}") = "nll-file-system-utils", "nll-file-system-utils\nll-file-system-utils.csproj", "{84E947C2-0531-4B1B-904E-2D94A5719A2A}"
EndProject
Project("{FAE04EC0-301F-11D3-BF4B-00C04F79EFBC}") = "nll-file-system-utils.Tests", "nll-file-system-utils.Tests\nll-file-system-utils.Tests.csproj", "{854AD169-1642-49CF-95A7-C23D6AC5F6C0}"
EndProject
Global
	GlobalSection(SolutionConfigurationPlatforms) = preSolution
		Debug|Any CPU = Debug|Any CPU
		Release|Any CPU = Release|Any CPU
	EndGlobalSection
	GlobalSection(SolutionProperties) = preSolution
		HideSolutionNode = FALSE
	EndGlobalSection
	GlobalSection(ProjectConfigurationPlatforms) = postSolution
		{84E947C2-0531-4B1B-904E-2D94A5719A2A}.Debug|Any CPU.ActiveCfg = Debug|Any CPU
		{84E947C2-0531-4B1B-904E-2D94A5719A2A}.Debug|Any CPU.Build.0 = Debug|Any CPU
		{84E947C2-0531-4B1B-904E-2D94A5719A2A}.Release|Any CPU.ActiveCfg = Release|Any CPU
		{84E947C2-0531-4B1B-904E-2D94A5719A2A}.Release|Any CPU.Build.0 = Release|Any CPU
		{D1EADE8A-6CC0-4D0C-A40E-087728F24EEA}.Debug|Any CPU.ActiveCfg = Debug|Any CPU
		{D1EADE8A-6CC0-4D0C-A40E-087728F24EEA}.Debug|Any CPU.Build.0 = Debug|Any CPU
		{D1EADE8A-6CC0-4D0C-A40E-087728F24EEA}.Release|Any CPU.ActiveCfg = Release|Any CPU
		{D1EADE8A-6CC0-4D0C-A40E-087728F24EEA}.Release|Any CPU.Build.0 = Release|Any CPU
		{854AD169-1642-49CF-95A7-C23D6AC5F6C0}.Debug|Any CPU.ActiveCfg = Debug|Any CPU
		{854AD169-1642-49CF-95A7-C23D6AC5F6C0}.Debug|Any CPU.Build.0 = Debug|Any CPU
		{854AD169-1642-49CF-95A7-C23D6AC5F6C0}.Release|Any CPU.ActiveCfg = Release|Any CPU
		{854AD169-1642-49CF-95A7-C23D6AC5F6C0}.Release|Any CPU.Build.0 = Release|Any CPU
	EndGlobalSection
EndGlobal
